github.com/lmittmann/ppm v1.0.1 h1:5yNJjyidTR9fzvhzV3Atf7ODrzhRzJKwYcHEq4ceFmw=
github.com/lmittmann/ppm v1.0.1/go.mod h1:GObNM/dbtplb87+9xClwI9bZ+AOPMg0Ujf4k3iLo23E=
github.com/richbai90/golibraw v0.0.4 h1:LbGghdYzsj0PiRuAps43kigPyVaYOgS4ys7X9LbGGxk=
github.com/richbai90/golibraw v0.0.4/go.mod h1:RjFB/FBQ2nujxItw4cd+yr/PXEFikKT9TFqOzkJC3zQ=
